<?xml version="1.0" encoding="UTF-8"?>
<Scheme LastUpgradeVersion="2600" version="1.3"><BuildAction parallelizeBuildables="NO" buildImplicitDependencies="YES"><BuildActionEntries><BuildActionEntry buildForTesting="YES" buildForRunning="NO" buildForProfiling="NO" buildForArchiving="NO" buildForAnalyzing="YES"><BuildableReference BuildableIdentifier="primary" BlueprintIdentifier="00000000000000000000000A" BuildableName="DeviceRunner.xctest" BlueprintName="DeviceRunner" ReferencedContainer="container:DeviceRunner.xcodeproj"/></BuildActionEntry></BuildActionEntries></BuildAction><TestAction buildConfiguration="Debug" selectedDebuggerIdentifier="Xcode.DebuggerFoundation.Debugger.LLDB" selectedLauncherIdentifier="Xcode.IDEFoundation.Launcher.LLDB" shouldUseLaunchSchemeArgsEnv="YES"><Testables><TestableReference skipped="NO" parallelizable="NO"><BuildableReference BuildableIdentifier="primary" BlueprintIdentifier="00000000000000000000000A" BuildableName="DeviceRunner.xctest" BlueprintName="DeviceRunner" ReferencedContainer="container:DeviceRunner.xcodeproj"/></TestableReference></Testables></TestAction></Scheme>